# This file is automatically @generated by Cargo.
# It is not intended for manual editing.
version = 3

[[package]]
name = "basic"
version = "0.1.0"
dependencies = [
 "shadow-ecs",
 "shadow-game",
]

[[package]]
name = "shadow-ecs"
version = "0.1.0"

[[package]]
name = "shadow-game"
version = "0.1.0"
dependencies = [
 "shadow-ecs",
]
